
Microsoft Visual Studio Solution File, Format Version 12.00
# Visual Studio Version 17
VisualStudioVersion = 17.8.34330.188
MinimumVisualStudioVersion = 10.0.40219.1
Project("{9A19103F-16F7-4668-BE54-9A1E7A4F7556}") = "LemonDotNetCore.ConsoleApp", "LemonDotNetCore.ConsoleApp\LemonDotNetCore.ConsoleApp.csproj", "{71750D6E-6869-42EF-8969-6AEEB7EBB71B}"
EndProject
Project("{2150E333-8FDC-42A3-9474-1A3956D46DE8}") = "Documents", "Documents", "{507DA1FF-159D-4C61-88BD-6C8D9644B0E7}"
	ProjectSection(SolutionItems) = preProject
		..\AKLMPSTYZDotNetCore\README.md = ..\AKLMPSTYZDotNetCore\README.md
	EndProjectSection
EndProject
Project("{9A19103F-16F7-4668-BE54-9A1E7A4F7556}") = "LemonDotNetCore.RestAPI", "LemonDotNetCore.RestAPI\LemonDotNetCore.RestAPI.csproj", "{6BC797B4-C1D1-42F7-8B14-328B8DFBCDFD}"
EndProject
Global
	GlobalSection(SolutionConfigurationPlatforms) = preSolution
		Debug|Any CPU = Debug|Any CPU
		Release|Any CPU = Release|Any CPU
	EndGlobalSection
	GlobalSection(ProjectConfigurationPlatforms) = postSolution
		{71750D6E-6869-42EF-8969-6AEEB7EBB71B}.Debug|Any CPU.ActiveCfg = Debug|Any CPU
		{71750D6E-6869-42EF-8969-6AEEB7EBB71B}.Debug|Any CPU.Build.0 = Debug|Any CPU
		{71750D6E-6869-42EF-8969-6AEEB7EBB71B}.Release|Any CPU.ActiveCfg = Release|Any CPU
		{71750D6E-6869-42EF-8969-6AEEB7EBB71B}.Release|Any CPU.Build.0 = Release|Any CPU
		{6BC797B4-C1D1-42F7-8B14-328B8DFBCDFD}.Debug|Any CPU.ActiveCfg = Debug|Any CPU
		{6BC797B4-C1D1-42F7-8B14-328B8DFBCDFD}.Debug|Any CPU.Build.0 = Debug|Any CPU
		{6BC797B4-C1D1-42F7-8B14-328B8DFBCDFD}.Release|Any CPU.ActiveCfg = Release|Any CPU
		{6BC797B4-C1D1-42F7-8B14-328B8DFBCDFD}.Release|Any CPU.Build.0 = Release|Any CPU
	EndGlobalSection
	GlobalSection(SolutionProperties) = preSolution
		HideSolutionNode = FALSE
	EndGlobalSection
	GlobalSection(ExtensibilityGlobals) = postSolution
		SolutionGuid = {2DEB12DA-5219-419E-BB85-569C72B03CF4}
	EndGlobalSection
EndGlobal
